// !$*UTF8*$!
{
	archiveVersion = 1;
	classes = {
	};
	objectVersion = 46;
	objects = {

/* Begin PBXBuildFile section */
		4BE2E7901BFB2B84002804E0 /* CLK.h in Headers */ = {isa = PBXBuildFile; fileRef = 4BE2E78F1BFB2B84002804E0 /* CLK.h */; settings = {ATTRIBUTES = (Public, ); }; };
		4BE2E7A01BFB2BE8002804E0 /* CDisposable.h in Headers */ = {isa = PBXBuildFile; fileRef = 4BE2E7971BFB2BE8002804E0 /* CDisposable.h */; settings = {ATTRIBUTES = (Public, ); }; };
		4BE2E7A11BFB2BE8002804E0 /* CInternalInconsistencyException.h in Headers */ = {isa = PBXBuildFile; fileRef = 4BE2E7981BFB2BE8002804E0 /* CInternalInconsistencyException.h */; settings = {ATTRIBUTES = (Public, ); }; };
		4BE2E7A21BFB2BE8002804E0 /* CInternalInconsistencyException.m in Sources */ = {isa = PBXBuildFile; fileRef = 4BE2E7991BFB2BE8002804E0 /* CInternalInconsistencyException.m */; };
		4BE2E7A31BFB2BE8002804E0 /* CInvalidArgumentException.h in Headers */ = {isa = PBXBuildFile; fileRef = 4BE2E79A1BFB2BE8002804E0 /* CInvalidArgumentException.h */; settings = {ATTRIBUTES = (Public, ); }; };
		4BE2E7A41BFB2BE8002804E0 /* CInvalidArgumentException.m in Sources */ = {isa = PBXBuildFile; fileRef = 4BE2E79B1BFB2BE8002804E0 /* CInvalidArgumentException.m */; };
		4BE2E7A51BFB2BE8002804E0 /* CStringHelper.h in Headers */ = {isa = PBXBuildFile; fileRef = 4BE2E79C1BFB2BE8002804E0 /* CStringHelper.h */; settings = {ATTRIBUTES = (Public, ); }; };
		4BE2E7A61BFB2BE8002804E0 /* CStringHelper.m in Sources */ = {isa = PBXBuildFile; fileRef = 4BE2E79D1BFB2BE8002804E0 /* CStringHelper.m */; };
		4BE2E7A71BFB2BE8002804E0 /* CTimeoutException.h in Headers */ = {isa = PBXBuildFile; fileRef = 4BE2E79E1BFB2BE8002804E0 /* CTimeoutException.h */; settings = {ATTRIBUTES = (Public, ); }; };
		4BE2E7A81BFB2BE8002804E0 /* CTimeoutException.m in Sources */ = {isa = PBXBuildFile; fileRef = 4BE2E79F1BFB2BE8002804E0 /* CTimeoutException.m */; };
/* End PBXBuildFile section */

/* Begin PBXFileReference section */
		4BE2E78C1BFB2B84002804E0 /* CLK.framework */ = {isa = PBXFileReference; explicitFileType = wrapper.framework; includeInIndex = 0; path = CLK.framework; sourceTree = BUILT_PRODUCTS_DIR; };
		4BE2E78F1BFB2B84002804E0 /* CLK.h */ = {isa = PBXFileReference; lastKnownFileType = sourcecode.c.h; path = CLK.h; sourceTree = "<group>"; };
		4BE2E7911BFB2B84002804E0 /* Info.plist */ = {isa = PBXFileReference; lastKnownFileType = text.plist.xml; path = Info.plist; sourceTree = "<group>"; };
		4BE2E7971BFB2BE8002804E0 /* CDisposable.h */ = {isa = PBXFileReference; fileEncoding = 4; lastKnownFileType = sourcecode.c.h; path = CDisposable.h; sourceTree = "<group>"; };
		4BE2E7981BFB2BE8002804E0 /* CInternalInconsistencyException.h */ = {isa = PBXFileReference; fileEncoding = 4; lastKnownFileType = sourcecode.c.h; path = CInternalInconsistencyException.h; sourceTree = "<group>"; };
		4BE2E7991BFB2BE8002804E0 /* CInternalInconsistencyException.m */ = {isa = PBXFileReference; fileEncoding = 4; lastKnownFileType = sourcecode.c.objc; path = CInternalInconsistencyException.m; sourceTree = "<group>"; };
		4BE2E79A1BFB2BE8002804E0 /* CInvalidArgumentException.h */ = {isa = PBXFileReference; fileEncoding = 4; lastKnownFileType = sourcecode.c.h; path = CInvalidArgumentException.h; sourceTree = "<group>"; };
		4BE2E79B1BFB2BE8002804E0 /* CInvalidArgumentException.m */ = {isa = PBXFileReference; fileEncoding = 4; lastKnownFileType = sourcecode.c.objc; path = CInvalidArgumentException.m; sourceTree = "<group>"; };
		4BE2E79C1BFB2BE8002804E0 /* CStringHelper.h */ = {isa = PBXFileReference; fileEncoding = 4; lastKnownFileType = sourcecode.c.h; path = CStringHelper.h; sourceTree = "<group>"; };
		4BE2E79D1BFB2BE8002804E0 /* CStringHelper.m */ = {isa = PBXFileReference; fileEncoding = 4; lastKnownFileType = sourcecode.c.objc; path = CStringHelper.m; sourceTree = "<group>"; };
		4BE2E79E1BFB2BE8002804E0 /* CTimeoutException.h */ = {isa = PBXFileReference; fileEncoding = 4; lastKnownFileType = sourcecode.c.h; path = CTimeoutException.h; sourceTree = "<group>"; };
		4BE2E79F1BFB2BE8002804E0 /* CTimeoutException.m */ = {isa = PBXFileReference; fileEncoding = 4; lastKnownFileType = sourcecode.c.objc; path = CTimeoutException.m; sourceTree = "<group>"; };
/* End PBXFileReference section */

/* Begin PBXFrameworksBuildPhase section */
		4BE2E7881BFB2B84002804E0 /* Frameworks */ = {
			isa = PBXFrameworksBuildPhase;
			buildActionMask = 2147483647;
			files = (
			);
			runOnlyForDeploymentPostprocessing = 0;
		};
/* End PBXFrameworksBuildPhase section */

/* Begin PBXGroup section */
		4BE2E7821BFB2B84002804E0 = {
			isa = PBXGroup;
			children = (
				4BE2E78E1BFB2B84002804E0 /* CLK */,
				4BE2E78D1BFB2B84002804E0 /* Products */,
			);
			sourceTree = "<group>";
		};
		4BE2E78D1BFB2B84002804E0 /* Products */ = {
			isa = PBXGroup;
			children = (
				4BE2E78C1BFB2B84002804E0 /* CLK.framework */,
			);
			name = Products;
			sourceTree = "<group>";
		};
		4BE2E78E1BFB2B84002804E0 /* CLK */ = {
			isa = PBXGroup;
			children = (
				4BE2E7971BFB2BE8002804E0 /* CDisposable.h */,
				4BE2E7981BFB2BE8002804E0 /* CInternalInconsistencyException.h */,
				4BE2E7991BFB2BE8002804E0 /* CInternalInconsistencyException.m */,
				4BE2E79A1BFB2BE8002804E0 /* CInvalidArgumentException.h */,
				4BE2E79B1BFB2BE8002804E0 /* CInvalidArgumentException.m */,
				4BE2E79C1BFB2BE8002804E0 /* CStringHelper.h */,
				4BE2E79D1BFB2BE8002804E0 /* CStringHelper.m */,
				4BE2E79E1BFB2BE8002804E0 /* CTimeoutException.h */,
				4BE2E79F1BFB2BE8002804E0 /* CTimeoutException.m */,
				4BE2E78F1BFB2B84002804E0 /* CLK.h */,
				4BE2E7911BFB2B84002804E0 /* Info.plist */,
			);
			path = CLK;
			sourceTree = "<group>";
		};
/* End PBXGroup section */

/* Begin PBXHeadersBuildPhase section */
		4BE2E7891BFB2B84002804E0 /* Headers */ = {
			isa = PBXHeadersBuildPhase;
			buildActionMask = 2147483647;
			files = (
				4BE2E7A71BFB2BE8002804E0 /* CTimeoutException.h in Headers */,
				4BE2E7A11BFB2BE8002804E0 /* CInternalInconsistencyException.h in Headers */,
				4BE2E7A31BFB2BE8002804E0 /* CInvalidArgumentException.h in Headers */,
				4BE2E7A01BFB2BE8002804E0 /* CDisposable.h in Headers */,
				4BE2E7901BFB2B84002804E0 /* CLK.h in Headers */,
				4BE2E7A51BFB2BE8002804E0 /* CStringHelper.h in Headers */,
			);
			runOnlyForDeploymentPostprocessing = 0;
		};
/* End PBXHeadersBuildPhase section */

/* Begin PBXNativeTarget section */
		4BE2E78B1BFB2B84002804E0 /* CLK */ = {
			isa = PBXNativeTarget;
			buildConfigurationList = 4BE2E7941BFB2B84002804E0 /* Build configuration list for PBXNativeTarget "CLK" */;
			buildPhases = (
				4BE2E7871BFB2B84002804E0 /* Sources */,
				4BE2E7881BFB2B84002804E0 /* Frameworks */,
				4BE2E7891BFB2B84002804E0 /* Headers */,
				4BE2E78A1BFB2B84002804E0 /* Resources */,
				4B5F03B11BFC4793009C05FD /* ShellScript */,
			);
			buildRules = (
			);
			dependencies = (
			);
			name = CLK;
			productName = CLK;
			productReference = 4BE2E78C1BFB2B84002804E0 /* CLK.framework */;
			productType = "com.apple.product-type.framework";
		};
/* End PBXNativeTarget section */

/* Begin PBXProject section */
		4BE2E7831BFB2B84002804E0 /* Project object */ = {
			isa = PBXProject;
			attributes = {
				LastUpgradeCheck = 0720;
				ORGANIZATIONNAME = CLK;
				TargetAttributes = {
					4BE2E78B1BFB2B84002804E0 = {
						CreatedOnToolsVersion = 7.2;
						DevelopmentTeam = 95ZK2QXF2M;
					};
				};
			};
			buildConfigurationList = 4BE2E7861BFB2B84002804E0 /* Build configuration list for PBXProject "CLK" */;
			compatibilityVersion = "Xcode 3.2";
			developmentRegion = English;
			hasScannedForEncodings = 0;
			knownRegions = (
				en,
			);
			mainGroup = 4BE2E7821BFB2B84002804E0;
			productRefGroup = 4BE2E78D1BFB2B84002804E0 /* Products */;
			projectDirPath = "";
			projectRoot = "";
			targets = (
				4BE2E78B1BFB2B84002804E0 /* CLK */,
			);
		};
/* End PBXProject section */

/* Begin PBXResourcesBuildPhase section */
		4BE2E78A1BFB2B84002804E0 /* Resources */ = {
			isa = PBXResourcesBuildPhase;
			buildActionMask = 2147483647;
			files = (
			);
			runOnlyForDeploymentPostprocessing = 0;
		};
/* End PBXResourcesBuildPhase section */

/* Begin PBXShellScriptBuildPhase section */
		4B5F03B11BFC4793009C05FD /* ShellScript */ = {
			isa = PBXShellScriptBuildPhase;
			buildActionMask = 2147483647;
			files = (
			);
			inputPaths = (
			);
			outputPaths = (
			);
			runOnlyForDeploymentPostprocessing = 0;
			shellPath = /bin/sh;
			shellScript = "if [ \"${ACTION}\" = \"build\" ]\nthen\nINSTALL_DIR=${SRCROOT}/Products/${PROJECT_NAME}.framework\n\nDEVICE_DIR=${BUILD_ROOT}/${CONFIGURATION}-iphoneos/${PROJECT_NAME}.framework\n\nSIMULATOR_DIR=${BUILD_ROOT}/${CONFIGURATION}-iphonesimulator/${PROJECT_NAME}.framework\n\n\nif [ -d \"${INSTALL_DIR}\" ]\nthen\nrm -rf \"${INSTALL_DIR}\"\nfi\n\nmkdir -p \"${INSTALL_DIR}\"\n\ncp -R \"${DEVICE_DIR}/\" \"${INSTALL_DIR}/\"\n#ditto \"${DEVICE_DIR}/Headers\" \"${INSTALL_DIR}/Headers\"\n\nlipo -create \"${DEVICE_DIR}/${PROJECT_NAME}\" \"${SIMULATOR_DIR}/${PROJECT_NAME}\" -output \"${INSTALL_DIR}/${PROJECT_NAME}\"\n\n#open \"${DEVICE_DIR}\"\nopen \"${SRCROOT}/Products\"\nfi";
		};
/* End PBXShellScriptBuildPhase section */

/* Begin PBXSourcesBuildPhase section */
		4BE2E7871BFB2B84002804E0 /* Sources */ = {
			isa = PBXSourcesBuildPhase;
			buildActionMask = 2147483647;
			files = (
				4BE2E7A41BFB2BE8002804E0 /* CInvalidArgumentException.m in Sources */,
				4BE2E7A21BFB2BE8002804E0 /* CInternalInconsistencyException.m in Sources */,
				4BE2E7A61BFB2BE8002804E0 /* CStringHelper.m in Sources */,
				4BE2E7A81BFB2BE8002804E0 /* CTimeoutException.m in Sources */,
			);
			runOnlyForDeploymentPostprocessing = 0;
		};
/* End PBXSourcesBuildPhase section */

/* Begin XCBuildConfiguration section */
		4BE2E7921BFB2B84002804E0 /* Debug */ = {
			isa = XCBuildConfiguration;
			buildSettings = {
				ALWAYS_SEARCH_USER_PATHS = NO;
				CLANG_CXX_LANGUAGE_STANDARD = "gnu++0x";
				CLANG_CXX_LIBRARY = "libc++";
				CLANG_ENABLE_MODULES = YES;
				CLANG_ENABLE_OBJC_ARC = YES;
				CLANG_WARN_BOOL_CONVERSION = YES;
				CLANG_WARN_CONSTANT_CONVERSION = YES;
				CLANG_WARN_DIRECT_OBJC_ISA_USAGE = YES_ERROR;
				CLANG_WARN_EMPTY_BODY = YES;
				CLANG_WARN_ENUM_CONVERSION = YES;
				CLANG_WARN_INT_CONVERSION = YES;
				CLANG_WARN_OBJC_ROOT_CLASS = YES_ERROR;
				CLANG_WARN_UNREACHABLE_CODE = YES;
				CLANG_WARN__DUPLICATE_METHOD_MATCH = YES;
				"CODE_SIGN_IDENTITY[sdk=iphoneos*]" = "iPhone Developer";
				COPY_PHASE_STRIP = NO;
				CURRENT_PROJECT_VERSION = 1;
				DEBUG_INFORMATION_FORMAT = dwarf;
				ENABLE_STRICT_OBJC_MSGSEND = YES;
				ENABLE_TESTABILITY = YES;
				GCC_C_LANGUAGE_STANDARD = gnu99;
				GCC_DYNAMIC_NO_PIC = NO;
				GCC_NO_COMMON_BLOCKS = YES;
				GCC_OPTIMIZATION_LEVEL = 0;
				GCC_PREPROCESSOR_DEFINITIONS = (
					"DEBUG=1",
					"$(inherited)",
				);
				GCC_WARN_64_TO_32_BIT_CONVERSION = YES;
				GCC_WARN_ABOUT_RETURN_TYPE = YES_ERROR;
				GCC_WARN_UNDECLARED_SELECTOR = YES;
				GCC_WARN_UNINITIALIZED_AUTOS = YES_AGGRESSIVE;
				GCC_WARN_UNUSED_FUNCTION = YES;
				GCC_WARN_UNUSED_VARIABLE = YES;
				IPHONEOS_DEPLOYMENT_TARGET = 9.2;
				MTL_ENABLE_DEBUG_INFO = YES;
				ONLY_ACTIVE_ARCH = YES;
				SDKROOT = iphoneos;
				TARGETED_DEVICE_FAMILY = "1,2";
				VERSIONING_SYSTEM = "apple-generic";
				VERSION_INFO_PREFIX = "";
			};
			name = Debug;
		};
		4BE2E7931BFB2B84002804E0 /* Release */ = {
			isa = XCBuildConfiguration;
			buildSettings = {
				ALWAYS_SEARCH_USER_PATHS = NO;
				CLANG_CXX_LANGUAGE_STANDARD = "gnu++0x";
				CLANG_CXX_LIBRARY = "libc++";
				CLANG_ENABLE_MODULES = YES;
				CLANG_ENABLE_OBJC_ARC = YES;
				CLANG_WARN_BOOL_CONVERSION = YES;
				CLANG_WARN_CONSTANT_CONVERSION = YES;
				CLANG_WARN_DIRECT_OBJC_ISA_USAGE = YES_ERROR;
				CLANG_WARN_EMPTY_BODY = YES;
				CLANG_WARN_ENUM_CONVERSION = YES;
				CLANG_WARN_INT_CONVERSION = YES;
				CLANG_WARN_OBJC_ROOT_CLASS = YES_ERROR;
				CLANG_WARN_UNREACHABLE_CODE = YES;
				CLANG_WARN__DUPLICATE_METHOD_MATCH = YES;
				"CODE_SIGN_IDENTITY[sdk=iphoneos*]" = "iPhone Developer";
				COPY_PHASE_STRIP = NO;
				CURRENT_PROJECT_VERSION = 1;
				DEBUG_INFORMATION_FORMAT = "dwarf-with-dsym";
				ENABLE_NS_ASSERTIONS = NO;
				ENABLE_STRICT_OBJC_MSGSEND = YES;
				GCC_C_LANGUAGE_STANDARD = gnu99;
				GCC_NO_COMMON_BLOCKS = YES;
				GCC_WARN_64_TO_32_BIT_CONVERSION = YES;
				GCC_WARN_ABOUT_RETURN_TYPE = YES_ERROR;
				GCC_WARN_UNDECLARED_SELECTOR = YES;
				GCC_WARN_UNINITIALIZED_AUTOS = YES_AGGRESSIVE;
				GCC_WARN_UNUSED_FUNCTION = YES;
				GCC_WARN_UNUSED_VARIABLE = YES;
				IPHONEOS_DEPLOYMENT_TARGET = 9.2;
				MTL_ENABLE_DEBUG_INFO = NO;
				SDKROOT = iphoneos;
				TARGETED_DEVICE_FAMILY = "1,2";
				VALIDATE_PRODUCT = YES;
				VERSIONING_SYSTEM = "apple-generic";
				VERSION_INFO_PREFIX = "";
			};
			name = Release;
		};
		4BE2E7951BFB2B84002804E0 /* Debug */ = {
			isa = XCBuildConfiguration;
			buildSettings = {
				DEFINES_MODULE = YES;
				DYLIB_COMPATIBILITY_VERSION = 1;
				DYLIB_CURRENT_VERSION = 1;
				DYLIB_INSTALL_NAME_BASE = "@rpath";
				INFOPLIST_FILE = CLK/Info.plist;
				INSTALL_PATH = "$(LOCAL_LIBRARY_DIR)/Frameworks";
				LD_RUNPATH_SEARCH_PATHS = "$(inherited) @executable_path/Frameworks @loader_path/Frameworks";
				PRODUCT_BUNDLE_IDENTIFIER = CLK.CLK;
				PRODUCT_NAME = "$(TARGET_NAME)";
				SKIP_INSTALL = YES;
			};
			name = Debug;
		};
		4BE2E7961BFB2B84002804E0 /* Release */ = {
			isa = XCBuildConfiguration;
			buildSettings = {
				DEFINES_MODULE = YES;
				DYLIB_COMPATIBILITY_VERSION = 1;
				DYLIB_CURRENT_VERSION = 1;
				DYLIB_INSTALL_NAME_BASE = "@rpath";
				INFOPLIST_FILE = CLK/Info.plist;
				INSTALL_PATH = "$(LOCAL_LIBRARY_DIR)/Frameworks";
				LD_RUNPATH_SEARCH_PATHS = "$(inherited) @executable_path/Frameworks @loader_path/Frameworks";
				PRODUCT_BUNDLE_IDENTIFIER = CLK.CLK;
				PRODUCT_NAME = "$(TARGET_NAME)";
				SKIP_INSTALL = YES;
			};
			name = Release;
		};
/* End XCBuildConfiguration section */

/* Begin XCConfigurationList section */
		4BE2E7861BFB2B84002804E0 /* Build configuration list for PBXProject "CLK" */ = {
			isa = XCConfigurationList;
			buildConfigurations = (
				4BE2E7921BFB2B84002804E0 /* Debug */,
				4BE2E7931BFB2B84002804E0 /* Release */,
			);
			defaultConfigurationIsVisible = 0;
			defaultConfigurationName = Release;
		};
		4BE2E7941BFB2B84002804E0 /* Build configuration list for PBXNativeTarget "CLK" */ = {
			isa = XCConfigurationList;
			buildConfigurations = (
				4BE2E7951BFB2B84002804E0 /* Debug */,
				4BE2E7961BFB2B84002804E0 /* Release */,
			);
			defaultConfigurationIsVisible = 0;
			defaultConfigurationName = Release;
		};
/* End XCConfigurationList section */
	};
	rootObject = 4BE2E7831BFB2B84002804E0 /* Project object */;
}
